
Microsoft Visual Studio Solution File, Format Version 12.00
# Visual Studio Version 16
VisualStudioVersion = 16.0.31410.357
MinimumVisualStudioVersion = 10.0.40219.1
Project("{9A19103F-16F7-4668-BE54-9A1E7A4F7556}") = "DevIO.Business", "src\DevIO.Business\DevIO.Business.csproj", "{30BF4A79-97C9-4208-B021-5388614AD48D}"
EndProject
Project("{9A19103F-16F7-4668-BE54-9A1E7A4F7556}") = "DevIO.Data", "src\DevIO.Data\DevIO.Data.csproj", "{B05CCE0B-8761-4BE7-AA78-1E14DB18874B}"
EndProject
Project("{FAE04EC0-301F-11D3-BF4B-00C04F79EFBC}") = "DevIO.Api", "src\DevIO.Api\DevIO.Api.csproj", "{80DD2259-B997-4166-BB9D-3D37613CA8B4}"
EndProject
Global
	GlobalSection(SolutionConfigurationPlatforms) = preSolution
		Debug|Any CPU = Debug|Any CPU
		Release|Any CPU = Release|Any CPU
	EndGlobalSection
	GlobalSection(ProjectConfigurationPlatforms) = postSolution
		{30BF4A79-97C9-4208-B021-5388614AD48D}.Debug|Any CPU.ActiveCfg = Debug|Any CPU
		{30BF4A79-97C9-4208-B021-5388614AD48D}.Debug|Any CPU.Build.0 = Debug|Any CPU
		{30BF4A79-97C9-4208-B021-5388614AD48D}.Release|Any CPU.ActiveCfg = Release|Any CPU
		{30BF4A79-97C9-4208-B021-5388614AD48D}.Release|Any CPU.Build.0 = Release|Any CPU
		{B05CCE0B-8761-4BE7-AA78-1E14DB18874B}.Debug|Any CPU.ActiveCfg = Debug|Any CPU
		{B05CCE0B-8761-4BE7-AA78-1E14DB18874B}.Debug|Any CPU.Build.0 = Debug|Any CPU
		{B05CCE0B-8761-4BE7-AA78-1E14DB18874B}.Release|Any CPU.ActiveCfg = Release|Any CPU
		{B05CCE0B-8761-4BE7-AA78-1E14DB18874B}.Release|Any CPU.Build.0 = Release|Any CPU
		{80DD2259-B997-4166-BB9D-3D37613CA8B4}.Debug|Any CPU.ActiveCfg = Debug|Any CPU
		{80DD2259-B997-4166-BB9D-3D37613CA8B4}.Debug|Any CPU.Build.0 = Debug|Any CPU
		{80DD2259-B997-4166-BB9D-3D37613CA8B4}.Release|Any CPU.ActiveCfg = Release|Any CPU
		{80DD2259-B997-4166-BB9D-3D37613CA8B4}.Release|Any CPU.Build.0 = Release|Any CPU
	EndGlobalSection
	GlobalSection(SolutionProperties) = preSolution
		HideSolutionNode = FALSE
	EndGlobalSection
	GlobalSection(ExtensibilityGlobals) = postSolution
		SolutionGuid = {1F327C1F-89BC-4C9B-AC15-3AF9290F9158}
	EndGlobalSection
EndGlobal
